
Microsoft Visual Studio Solution File, Format Version 12.00
# Visual Studio 15
VisualStudioVersion = 15.0.26730.12
MinimumVisualStudioVersion = 10.0.40219.1
Project("{FAE04EC0-301F-11D3-BF4B-00C04F79EFBC}") = "ICA06_AndresMOuellette", "CIA05_AndresMOuellette\ICA06_AndresMOuellette.csproj", "{12525841-669F-4800-9778-084B121C161F}"
EndProject
Global
	GlobalSection(SolutionConfigurationPlatforms) = preSolution
		Debug|Any CPU = Debug|Any CPU
		Release|Any CPU = Release|Any CPU
	EndGlobalSection
	GlobalSection(ProjectConfigurationPlatforms) = postSolution
		{12525841-669F-4800-9778-084B121C161F}.Debug|Any CPU.ActiveCfg = Debug|Any CPU
		{12525841-669F-4800-9778-084B121C161F}.Debug|Any CPU.Build.0 = Debug|Any CPU
		{12525841-669F-4800-9778-084B121C161F}.Release|Any CPU.ActiveCfg = Release|Any CPU
		{12525841-669F-4800-9778-084B121C161F}.Release|Any CPU.Build.0 = Release|Any CPU
	EndGlobalSection
	GlobalSection(SolutionProperties) = preSolution
		HideSolutionNode = FALSE
	EndGlobalSection
	GlobalSection(ExtensibilityGlobals) = postSolution
		SolutionGuid = {B3DAFD21-A13A-4726-94B0-B86B997B6175}
	EndGlobalSection
EndGlobal
